// !$*UTF8*$!
{
	archiveVersion = 1;
	classes = {
	};
	objectVersion = 46;
	objects = {

/* Begin PBXBuildFile section */
		5EDBE9B61E3DB98600426364 /* AppDelegate.swift in Sources */ = {isa = PBXBuildFile; fileRef = 5EDBE9B51E3DB98600426364 /* AppDelegate.swift */; };
		5EDBE9BB1E3DB98600426364 /* Main.storyboard in Resources */ = {isa = PBXBuildFile; fileRef = 5EDBE9B91E3DB98600426364 /* Main.storyboard */; };
		5EDBE9BD1E3DB98600426364 /* Assets.xcassets in Resources */ = {isa = PBXBuildFile; fileRef = 5EDBE9BC1E3DB98600426364 /* Assets.xcassets */; };
		5EDBE9C01E3DB98600426364 /* LaunchScreen.storyboard in Resources */ = {isa = PBXBuildFile; fileRef = 5EDBE9BE1E3DB98600426364 /* LaunchScreen.storyboard */; };
		5EDBE9C81E3DB9BB00426364 /* MoviesViewController.swift in Sources */ = {isa = PBXBuildFile; fileRef = 5EDBE9C71E3DB9BB00426364 /* MoviesViewController.swift */; };
		5EDBE9CB1E3DBEAE00426364 /* MovieCell.swift in Sources */ = {isa = PBXBuildFile; fileRef = 5EDBE9CA1E3DBEAE00426364 /* MovieCell.swift */; };
		E50E78BB05816C5753AE4F2B /* Pods_MovieViewer.framework in Frameworks */ = {isa = PBXBuildFile; fileRef = 45468C173FEE9144869292BB /* Pods_MovieViewer.framework */; };
/* End PBXBuildFile section */

/* Begin PBXFileReference section */
		45468C173FEE9144869292BB /* Pods_MovieViewer.framework */ = {isa = PBXFileReference; explicitFileType = wrapper.framework; includeInIndex = 0; path = Pods_MovieViewer.framework; sourceTree = BUILT_PRODUCTS_DIR; };
		546D4CAE50C5765A51A056D0 /* Pods-MovieViewer.release.xcconfig */ = {isa = PBXFileReference; includeInIndex = 1; lastKnownFileType = text.xcconfig; name = "Pods-MovieViewer.release.xcconfig"; path = "Pods/Target Support Files/Pods-MovieViewer/Pods-MovieViewer.release.xcconfig"; sourceTree = "<group>"; };
		5EDBE9B21E3DB98600426364 /* MovieViewer.app */ = {isa = PBXFileReference; explicitFileType = wrapper.application; includeInIndex = 0; path = MovieViewer.app; sourceTree = BUILT_PRODUCTS_DIR; };
		5EDBE9B51E3DB98600426364 /* AppDelegate.swift */ = {isa = PBXFileReference; lastKnownFileType = sourcecode.swift; path = AppDelegate.swift; sourceTree = "<group>"; };
		5EDBE9BA1E3DB98600426364 /* Base */ = {isa = PBXFileReference; lastKnownFileType = file.storyboard; name = Base; path = Base.lproj/Main.storyboard; sourceTree = "<group>"; };
		5EDBE9BC1E3DB98600426364 /* Assets.xcassets */ = {isa = PBXFileReference; lastKnownFileType = folder.assetcatalog; path = Assets.xcassets; sourceTree = "<group>"; };
		5EDBE9BF1E3DB98600426364 /* Base */ = {isa = PBXFileReference; lastKnownFileType = file.storyboard; name = Base; path = Base.lproj/LaunchScreen.storyboard; sourceTree = "<group>"; };
		5EDBE9C11E3DB98600426364 /* Info.plist */ = {isa = PBXFileReference; lastKnownFileType = text.plist.xml; path = Info.plist; sourceTree = "<group>"; };
		5EDBE9C71E3DB9BB00426364 /* MoviesViewController.swift */ = {isa = PBXFileReference; fileEncoding = 4; lastKnownFileType = sourcecode.swift; path = MoviesViewController.swift; sourceTree = "<group>"; };
		5EDBE9CA1E3DBEAE00426364 /* MovieCell.swift */ = {isa = PBXFileReference; fileEncoding = 4; lastKnownFileType = sourcecode.swift; path = MovieCell.swift; sourceTree = "<group>"; };
		616A01D2448ADE756062DBFF /* Pods-MovieViewer.debug.xcconfig */ = {isa = PBXFileReference; includeInIndex = 1; lastKnownFileType = text.xcconfig; name = "Pods-MovieViewer.debug.xcconfig"; path = "Pods/Target Support Files/Pods-MovieViewer/Pods-MovieViewer.debug.xcconfig"; sourceTree = "<group>"; };
/* End PBXFileReference section */

/* Begin PBXFrameworksBuildPhase section */
		5EDBE9AF1E3DB98600426364 /* Frameworks */ = {
			isa = PBXFrameworksBuildPhase;
			buildActionMask = 2147483647;
			files = (
				E50E78BB05816C5753AE4F2B /* Pods_MovieViewer.framework in Frameworks */,
			);
			runOnlyForDeploymentPostprocessing = 0;
		};
/* End PBXFrameworksBuildPhase section */

/* Begin PBXGroup section */
		3C5BA4070E6A332886CF2BB4 /* Frameworks */ = {
			isa = PBXGroup;
			children = (
				45468C173FEE9144869292BB /* Pods_MovieViewer.framework */,
			);
			name = Frameworks;
			sourceTree = "<group>";
		};
		5EDBE9A91E3DB98600426364 = {
			isa = PBXGroup;
			children = (
				5EDBE9B41E3DB98600426364 /* MovieViewer */,
				5EDBE9B31E3DB98600426364 /* Products */,
				D5B2C50EC112CF37F83754FC /* Pods */,
				3C5BA4070E6A332886CF2BB4 /* Frameworks */,
			);
			sourceTree = "<group>";
		};
		5EDBE9B31E3DB98600426364 /* Products */ = {
			isa = PBXGroup;
			children = (
				5EDBE9B21E3DB98600426364 /* MovieViewer.app */,
			);
			name = Products;
			sourceTree = "<group>";
		};
		5EDBE9B41E3DB98600426364 /* MovieViewer */ = {
			isa = PBXGroup;
			children = (
				5EDBE9CC1E3DBEB800426364 /* ViewControllers */,
				5EDBE9C91E3DBE8E00426364 /* Views */,
				5EDBE9B51E3DB98600426364 /* AppDelegate.swift */,
				5EDBE9B91E3DB98600426364 /* Main.storyboard */,
				5EDBE9BC1E3DB98600426364 /* Assets.xcassets */,
				5EDBE9BE1E3DB98600426364 /* LaunchScreen.storyboard */,
				5EDBE9C11E3DB98600426364 /* Info.plist */,
			);
			path = MovieViewer;
			sourceTree = "<group>";
		};
		5EDBE9C91E3DBE8E00426364 /* Views */ = {
			isa = PBXGroup;
			children = (
				5EDBE9CA1E3DBEAE00426364 /* MovieCell.swift */,
			);
			name = Views;
			sourceTree = "<group>";
		};
		5EDBE9CC1E3DBEB800426364 /* ViewControllers */ = {
			isa = PBXGroup;
			children = (
				5EDBE9C71E3DB9BB00426364 /* MoviesViewController.swift */,
			);
			name = ViewControllers;
			sourceTree = "<group>";
		};
		D5B2C50EC112CF37F83754FC /* Pods */ = {
			isa = PBXGroup;
			children = (
				616A01D2448ADE756062DBFF /* Pods-MovieViewer.debug.xcconfig */,
				546D4CAE50C5765A51A056D0 /* Pods-MovieViewer.release.xcconfig */,
			);
			name = Pods;
			sourceTree = "<group>";
		};
/* End PBXGroup section */

/* Begin PBXNativeTarget section */
		5EDBE9B11E3DB98600426364 /* MovieViewer */ = {
			isa = PBXNativeTarget;
			buildConfigurationList = 5EDBE9C41E3DB98600426364 /* Build configuration list for PBXNativeTarget "MovieViewer" */;
			buildPhases = (
				E57C700A2057CE86863885AE /* [CP] Check Pods Manifest.lock */,
				5EDBE9AE1E3DB98600426364 /* Sources */,
				5EDBE9AF1E3DB98600426364 /* Frameworks */,
				5EDBE9B01E3DB98600426364 /* Resources */,
				8B5F90EAF434180F2CDE777A /* [CP] Embed Pods Frameworks */,
				513F1514AD61F16C106A958F /* [CP] Copy Pods Resources */,
			);
			buildRules = (
			);
			dependencies = (
			);
			name = MovieViewer;
			productName = MovieViewer;
			productReference = 5EDBE9B21E3DB98600426364 /* MovieViewer.app */;
			productType = "com.apple.product-type.application";
		};
/* End PBXNativeTarget section */

/* Begin PBXProject section */
		5EDBE9AA1E3DB98600426364 /* Project object */ = {
			isa = PBXProject;
			attributes = {
				LastSwiftUpdateCheck = 0820;
				LastUpgradeCheck = 0820;
				ORGANIZATIONNAME = "Vivian Pham";
				TargetAttributes = {
					5EDBE9B11E3DB98600426364 = {
						CreatedOnToolsVersion = 8.2.1;
						ProvisioningStyle = Automatic;
					};
				};
			};
			buildConfigurationList = 5EDBE9AD1E3DB98600426364 /* Build configuration list for PBXProject "MovieViewer" */;
			compatibilityVersion = "Xcode 3.2";
			developmentRegion = English;
			hasScannedForEncodings = 0;
			knownRegions = (
				en,
				Base,
			);
			mainGroup = 5EDBE9A91E3DB98600426364;
			productRefGroup = 5EDBE9B31E3DB98600426364 /* Products */;
			projectDirPath = "";
			projectRoot = "";
			targets = (
				5EDBE9B11E3DB98600426364 /* MovieViewer */,
			);
		};
/* End PBXProject section */

/* Begin PBXResourcesBuildPhase section */
		5EDBE9B01E3DB98600426364 /* Resources */ = {
			isa = PBXResourcesBuildPhase;
			buildActionMask = 2147483647;
			files = (
				5EDBE9C01E3DB98600426364 /* LaunchScreen.storyboard in Resources */,
				5EDBE9BD1E3DB98600426364 /* Assets.xcassets in Resources */,
				5EDBE9BB1E3DB98600426364 /* Main.storyboard in Resources */,
			);
			runOnlyForDeploymentPostprocessing = 0;
		};
/* End PBXResourcesBuildPhase section */

/* Begin PBXShellScriptBuildPhase section */
		513F1514AD61F16C106A958F /* [CP] Copy Pods Resources */ = {
			isa = PBXShellScriptBuildPhase;
			buildActionMask = 2147483647;
			files = (
			);
			inputPaths = (
			);
			name = "[CP] Copy Pods Resources";
			outputPaths = (
			);
			runOnlyForDeploymentPostprocessing = 0;
			shellPath = /bin/sh;
			shellScript = "\"${SRCROOT}/Pods/Target Support Files/Pods-MovieViewer/Pods-MovieViewer-resources.sh\"\n";
			showEnvVarsInLog = 0;
		};
		8B5F90EAF434180F2CDE777A /* [CP] Embed Pods Frameworks */ = {
			isa = PBXShellScriptBuildPhase;
			buildActionMask = 2147483647;
			files = (
			);
			inputPaths = (
			);
			name = "[CP] Embed Pods Frameworks";
			outputPaths = (
			);
			runOnlyForDeploymentPostprocessing = 0;
			shellPath = /bin/sh;
			shellScript = "\"${SRCROOT}/Pods/Target Support Files/Pods-MovieViewer/Pods-MovieViewer-frameworks.sh\"\n";
			showEnvVarsInLog = 0;
		};
		E57C700A2057CE86863885AE /* [CP] Check Pods Manifest.lock */ = {
			isa = PBXShellScriptBuildPhase;
			buildActionMask = 2147483647;
			files = (
			);
			inputPaths = (
			);
			name = "[CP] Check Pods Manifest.lock";
			outputPaths = (
			);
			runOnlyForDeploymentPostprocessing = 0;
			shellPath = /bin/sh;
			shellScript = "diff \"${PODS_ROOT}/../Podfile.lock\" \"${PODS_ROOT}/Manifest.lock\" > /dev/null\nif [ $? != 0 ] ; then\n    # print error to STDERR\n    echo \"error: The sandbox is not in sync with the Podfile.lock. Run 'pod install' or update your CocoaPods installation.\" >&2\n    exit 1\nfi\n";
			showEnvVarsInLog = 0;
		};
/* End PBXShellScriptBuildPhase section */

/* Begin PBXSourcesBuildPhase section */
		5EDBE9AE1E3DB98600426364 /* Sources */ = {
			isa = PBXSourcesBuildPhase;
			buildActionMask = 2147483647;
			files = (
				5EDBE9B61E3DB98600426364 /* AppDelegate.swift in Sources */,
				5EDBE9C81E3DB9BB00426364 /* MoviesViewController.swift in Sources */,
				5EDBE9CB1E3DBEAE00426364 /* MovieCell.swift in Sources */,
			);
			runOnlyForDeploymentPostprocessing = 0;
		};
/* End PBXSourcesBuildPhase section */

/* Begin PBXVariantGroup section */
		5EDBE9B91E3DB98600426364 /* Main.storyboard */ = {
			isa = PBXVariantGroup;
			children = (
				5EDBE9BA1E3DB98600426364 /* Base */,
			);
			name = Main.storyboard;
			sourceTree = "<group>";
		};
		5EDBE9BE1E3DB98600426364 /* LaunchScreen.storyboard */ = {
			isa = PBXVariantGroup;
			children = (
				5EDBE9BF1E3DB98600426364 /* Base */,
			);
			name = LaunchScreen.storyboard;
			sourceTree = "<group>";
		};
/* End PBXVariantGroup section */

/* Begin XCBuildConfiguration section */
		5EDBE9C21E3DB98600426364 /* Debug */ = {
			isa = XCBuildConfiguration;
			buildSettings = {
				ALWAYS_SEARCH_USER_PATHS = NO;
				CLANG_ANALYZER_NONNULL = YES;
				CLANG_CXX_LANGUAGE_STANDARD = "gnu++0x";
				CLANG_CXX_LIBRARY = "libc++";
				CLANG_ENABLE_MODULES = YES;
				CLANG_ENABLE_OBJC_ARC = YES;
				CLANG_WARN_BOOL_CONVERSION = YES;
				CLANG_WARN_CONSTANT_CONVERSION = YES;
				CLANG_WARN_DIRECT_OBJC_ISA_USAGE = YES_ERROR;
				CLANG_WARN_DOCUMENTATION_COMMENTS = YES;
				CLANG_WARN_EMPTY_BODY = YES;
				CLANG_WARN_ENUM_CONVERSION = YES;
				CLANG_WARN_INFINITE_RECURSION = YES;
				CLANG_WARN_INT_CONVERSION = YES;
				CLANG_WARN_OBJC_ROOT_CLASS = YES_ERROR;
				CLANG_WARN_SUSPICIOUS_MOVE = YES;
				CLANG_WARN_UNREACHABLE_CODE = YES;
				CLANG_WARN__DUPLICATE_METHOD_MATCH = YES;
				"CODE_SIGN_IDENTITY[sdk=iphoneos*]" = "iPhone Developer";
				COPY_PHASE_STRIP = NO;
				DEBUG_INFORMATION_FORMAT = dwarf;
				ENABLE_STRICT_OBJC_MSGSEND = YES;
				ENABLE_TESTABILITY = YES;
				GCC_C_LANGUAGE_STANDARD = gnu99;
				GCC_DYNAMIC_NO_PIC = NO;
				GCC_NO_COMMON_BLOCKS = YES;
				GCC_OPTIMIZATION_LEVEL = 0;
				GCC_PREPROCESSOR_DEFINITIONS = (
					"DEBUG=1",
					"$(inherited)",
				);
				GCC_WARN_64_TO_32_BIT_CONVERSION = YES;
				GCC_WARN_ABOUT_RETURN_TYPE = YES_ERROR;
				GCC_WARN_UNDECLARED_SELECTOR = YES;
				GCC_WARN_UNINITIALIZED_AUTOS = YES_AGGRESSIVE;
				GCC_WARN_UNUSED_FUNCTION = YES;
				GCC_WARN_UNUSED_VARIABLE = YES;
				IPHONEOS_DEPLOYMENT_TARGET = 10.2;
				MTL_ENABLE_DEBUG_INFO = YES;
				ONLY_ACTIVE_ARCH = YES;
				SDKROOT = iphoneos;
				SWIFT_ACTIVE_COMPILATION_CONDITIONS = DEBUG;
				SWIFT_OPTIMIZATION_LEVEL = "-Onone";
			};
			name = Debug;
		};
		5EDBE9C31E3DB98600426364 /* Release */ = {
			isa = XCBuildConfiguration;
			buildSettings = {
				ALWAYS_SEARCH_USER_PATHS = NO;
				CLANG_ANALYZER_NONNULL = YES;
				CLANG_CXX_LANGUAGE_STANDARD = "gnu++0x";
				CLANG_CXX_LIBRARY = "libc++";
				CLANG_ENABLE_MODULES = YES;
				CLANG_ENABLE_OBJC_ARC = YES;
				CLANG_WARN_BOOL_CONVERSION = YES;
				CLANG_WARN_CONSTANT_CONVERSION = YES;
				CLANG_WARN_DIRECT_OBJC_ISA_USAGE = YES_ERROR;
				CLANG_WARN_DOCUMENTATION_COMMENTS = YES;
				CLANG_WARN_EMPTY_BODY = YES;
				CLANG_WARN_ENUM_CONVERSION = YES;
				CLANG_WARN_INFINITE_RECURSION = YES;
				CLANG_WARN_INT_CONVERSION = YES;
				CLANG_WARN_OBJC_ROOT_CLASS = YES_ERROR;
				CLANG_WARN_SUSPICIOUS_MOVE = YES;
				CLANG_WARN_UNREACHABLE_CODE = YES;
				CLANG_WARN__DUPLICATE_METHOD_MATCH = YES;
				"CODE_SIGN_IDENTITY[sdk=iphoneos*]" = "iPhone Developer";
				COPY_PHASE_STRIP = NO;
				DEBUG_INFORMATION_FORMAT = "dwarf-with-dsym";
				ENABLE_NS_ASSERTIONS = NO;
				ENABLE_STRICT_OBJC_MSGSEND = YES;
				GCC_C_LANGUAGE_STANDARD = gnu99;
				GCC_NO_COMMON_BLOCKS = YES;
				GCC_WARN_64_TO_32_BIT_CONVERSION = YES;
				GCC_WARN_ABOUT_RETURN_TYPE = YES_ERROR;
				GCC_WARN_UNDECLARED_SELECTOR = YES;
				GCC_WARN_UNINITIALIZED_AUTOS = YES_AGGRESSIVE;
				GCC_WARN_UNUSED_FUNCTION = YES;
				GCC_WARN_UNUSED_VARIABLE = YES;
				IPHONEOS_DEPLOYMENT_TARGET = 10.2;
				MTL_ENABLE_DEBUG_INFO = NO;
				SDKROOT = iphoneos;
				SWIFT_OPTIMIZATION_LEVEL = "-Owholemodule";
				VALIDATE_PRODUCT = YES;
			};
			name = Release;
		};
		5EDBE9C51E3DB98600426364 /* Debug */ = {
			isa = XCBuildConfiguration;
			baseConfigurationReference = 616A01D2448ADE756062DBFF /* Pods-MovieViewer.debug.xcconfig */;
			buildSettings = {
				ASSETCATALOG_COMPILER_APPICON_NAME = AppIcon;
				INFOPLIST_FILE = MovieViewer/Info.plist;
				LD_RUNPATH_SEARCH_PATHS = "$(inherited) @executable_path/Frameworks";
				PRODUCT_BUNDLE_IDENTIFIER = com.codepath.MovieViewer;
				PRODUCT_NAME = "$(TARGET_NAME)";
				SWIFT_VERSION = 3.0;
			};
			name = Debug;
		};
		5EDBE9C61E3DB98600426364 /* Release */ = {
			isa = XCBuildConfiguration;
			baseConfigurationReference = 546D4CAE50C5765A51A056D0 /* Pods-MovieViewer.release.xcconfig */;
			buildSettings = {
				ASSETCATALOG_COMPILER_APPICON_NAME = AppIcon;
				INFOPLIST_FILE = MovieViewer/Info.plist;
				LD_RUNPATH_SEARCH_PATHS = "$(inherited) @executable_path/Frameworks";
				PRODUCT_BUNDLE_IDENTIFIER = com.codepath.MovieViewer;
				PRODUCT_NAME = "$(TARGET_NAME)";
				SWIFT_VERSION = 3.0;
			};
			name = Release;
		};
/* End XCBuildConfiguration section */

/* Begin XCConfigurationList section */
		5EDBE9AD1E3DB98600426364 /* Build configuration list for PBXProject "MovieViewer" */ = {
			isa = XCConfigurationList;
			buildConfigurations = (
				5EDBE9C21E3DB98600426364 /* Debug */,
				5EDBE9C31E3DB98600426364 /* Release */,
			);
			defaultConfigurationIsVisible = 0;
			defaultConfigurationName = Release;
		};
		5EDBE9C41E3DB98600426364 /* Build configuration list for PBXNativeTarget "MovieViewer" */ = {
			isa = XCConfigurationList;
			buildConfigurations = (
				5EDBE9C51E3DB98600426364 /* Debug */,
				5EDBE9C61E3DB98600426364 /* Release */,
			);
			defaultConfigurationIsVisible = 0;
		};
/* End XCConfigurationList section */
	};
	rootObject = 5EDBE9AA1E3DB98600426364 /* Project object */;
}
